
Microsoft Visual Studio Solution File, Format Version 12.00
# Visual Studio 15
VisualStudioVersion = 15.0.28307.421
MinimumVisualStudioVersion = 10.0.40219.1
Project("{FAE04EC0-301F-11D3-BF4B-00C04F79EFBC}") = "SQLitePlug", "SQLitePlug\SQLitePlug.csproj", "{FB276335-1F08-4B86-BEB3-47F1872E1D56}"
EndProject
Project("{FAE04EC0-301F-11D3-BF4B-00C04F79EFBC}") = "SQLitePlugTests", "SQLitePlugTests\SQLitePlugTests.csproj", "{3B8FBC60-245D-49E3-AAC4-03671A0ED5F0}"
EndProject
Global
	GlobalSection(SolutionConfigurationPlatforms) = preSolution
		Debug|Any CPU = Debug|Any CPU
		Release|Any CPU = Release|Any CPU
	EndGlobalSection
	GlobalSection(ProjectConfigurationPlatforms) = postSolution
		{FB276335-1F08-4B86-BEB3-47F1872E1D56}.Debug|Any CPU.ActiveCfg = Debug|Any CPU
		{FB276335-1F08-4B86-BEB3-47F1872E1D56}.Debug|Any CPU.Build.0 = Debug|Any CPU
		{FB276335-1F08-4B86-BEB3-47F1872E1D56}.Release|Any CPU.ActiveCfg = Release|Any CPU
		{FB276335-1F08-4B86-BEB3-47F1872E1D56}.Release|Any CPU.Build.0 = Release|Any CPU
		{3B8FBC60-245D-49E3-AAC4-03671A0ED5F0}.Debug|Any CPU.ActiveCfg = Debug|Any CPU
		{3B8FBC60-245D-49E3-AAC4-03671A0ED5F0}.Debug|Any CPU.Build.0 = Debug|Any CPU
		{3B8FBC60-245D-49E3-AAC4-03671A0ED5F0}.Release|Any CPU.ActiveCfg = Release|Any CPU
		{3B8FBC60-245D-49E3-AAC4-03671A0ED5F0}.Release|Any CPU.Build.0 = Release|Any CPU
	EndGlobalSection
	GlobalSection(SolutionProperties) = preSolution
		HideSolutionNode = FALSE
	EndGlobalSection
	GlobalSection(ExtensibilityGlobals) = postSolution
		SolutionGuid = {B842E7EC-73DC-4102-B595-B32824709311}
	EndGlobalSection
EndGlobal
